// !$*UTF8*$!
{
	archiveVersion = 1;
	classes = {
	};
	objectVersion = 50;
	objects = {

/* Begin PBXBuildFile section */
		94D714786FB3AF76B86E1DDF /* Pods_DemoLoginPage.framework in Frameworks */ = {isa = PBXBuildFile; fileRef = 21E35B5E589041238ABB1CE0 /* Pods_DemoLoginPage.framework */; };
		9718390320BFDDC700611C7E /* AppDelegate.swift in Sources */ = {isa = PBXBuildFile; fileRef = 9718390220BFDDC700611C7E /* AppDelegate.swift */; };
		9718390520BFDDC700611C7E /* ViewController.swift in Sources */ = {isa = PBXBuildFile; fileRef = 9718390420BFDDC700611C7E /* ViewController.swift */; };
		9718390A20BFDDC800611C7E /* Assets.xcassets in Resources */ = {isa = PBXBuildFile; fileRef = 9718390920BFDDC800611C7E /* Assets.xcassets */; };
		9718390D20BFDDC800611C7E /* LaunchScreen.storyboard in Resources */ = {isa = PBXBuildFile; fileRef = 9718390B20BFDDC800611C7E /* LaunchScreen.storyboard */; };
		972BD42E20BFE955005E8A2E /* HomeController.swift in Sources */ = {isa = PBXBuildFile; fileRef = 972BD42D20BFE955005E8A2E /* HomeController.swift */; };
		972BD43020BFEE55005E8A2E /* UploadVideoController.swift in Sources */ = {isa = PBXBuildFile; fileRef = 972BD42F20BFEE55005E8A2E /* UploadVideoController.swift */; };
		972BD43220C01070005E8A2E /* UploadVideo2Controller.swift in Sources */ = {isa = PBXBuildFile; fileRef = 972BD43120C0106F005E8A2E /* UploadVideo2Controller.swift */; };
/* End PBXBuildFile section */

/* Begin PBXFileReference section */
		19F2C035F4A368AAE524F9D2 /* Pods-DemoLoginPage.release.xcconfig */ = {isa = PBXFileReference; includeInIndex = 1; lastKnownFileType = text.xcconfig; name = "Pods-DemoLoginPage.release.xcconfig"; path = "Pods/Target Support Files/Pods-DemoLoginPage/Pods-DemoLoginPage.release.xcconfig"; sourceTree = "<group>"; };
		21E35B5E589041238ABB1CE0 /* Pods_DemoLoginPage.framework */ = {isa = PBXFileReference; explicitFileType = wrapper.framework; includeInIndex = 0; path = Pods_DemoLoginPage.framework; sourceTree = BUILT_PRODUCTS_DIR; };
		971838FF20BFDDC700611C7E /* DemoLoginPage.app */ = {isa = PBXFileReference; explicitFileType = wrapper.application; includeInIndex = 0; path = DemoLoginPage.app; sourceTree = BUILT_PRODUCTS_DIR; };
		9718390220BFDDC700611C7E /* AppDelegate.swift */ = {isa = PBXFileReference; lastKnownFileType = sourcecode.swift; path = AppDelegate.swift; sourceTree = "<group>"; };
		9718390420BFDDC700611C7E /* ViewController.swift */ = {isa = PBXFileReference; lastKnownFileType = sourcecode.swift; path = ViewController.swift; sourceTree = "<group>"; };
		9718390920BFDDC800611C7E /* Assets.xcassets */ = {isa = PBXFileReference; lastKnownFileType = folder.assetcatalog; path = Assets.xcassets; sourceTree = "<group>"; };
		9718390C20BFDDC800611C7E /* Base */ = {isa = PBXFileReference; lastKnownFileType = file.storyboard; name = Base; path = Base.lproj/LaunchScreen.storyboard; sourceTree = "<group>"; };
		9718390E20BFDDC800611C7E /* Info.plist */ = {isa = PBXFileReference; lastKnownFileType = text.plist.xml; path = Info.plist; sourceTree = "<group>"; };
		972BD42D20BFE955005E8A2E /* HomeController.swift */ = {isa = PBXFileReference; lastKnownFileType = sourcecode.swift; path = HomeController.swift; sourceTree = "<group>"; };
		972BD42F20BFEE55005E8A2E /* UploadVideoController.swift */ = {isa = PBXFileReference; lastKnownFileType = sourcecode.swift; path = UploadVideoController.swift; sourceTree = "<group>"; };
		972BD43120C0106F005E8A2E /* UploadVideo2Controller.swift */ = {isa = PBXFileReference; fileEncoding = 4; lastKnownFileType = sourcecode.swift; path = UploadVideo2Controller.swift; sourceTree = "<group>"; };
		972BD43320C01E74005E8A2E /* Header-Brad.h */ = {isa = PBXFileReference; lastKnownFileType = sourcecode.c.h; path = "Header-Brad.h"; sourceTree = "<group>"; };
		A929D40964A6D49C88D06F59 /* Pods-DemoLoginPage.debug.xcconfig */ = {isa = PBXFileReference; includeInIndex = 1; lastKnownFileType = text.xcconfig; name = "Pods-DemoLoginPage.debug.xcconfig"; path = "Pods/Target Support Files/Pods-DemoLoginPage/Pods-DemoLoginPage.debug.xcconfig"; sourceTree = "<group>"; };
/* End PBXFileReference section */

/* Begin PBXFrameworksBuildPhase section */
		971838FC20BFDDC700611C7E /* Frameworks */ = {
			isa = PBXFrameworksBuildPhase;
			buildActionMask = 2147483647;
			files = (
				94D714786FB3AF76B86E1DDF /* Pods_DemoLoginPage.framework in Frameworks */,
			);
			runOnlyForDeploymentPostprocessing = 0;
		};
/* End PBXFrameworksBuildPhase section */

/* Begin PBXGroup section */
		2C6C8E54664127FBE4867BF9 /* Frameworks */ = {
			isa = PBXGroup;
			children = (
				21E35B5E589041238ABB1CE0 /* Pods_DemoLoginPage.framework */,
			);
			name = Frameworks;
			sourceTree = "<group>";
		};
		971838F620BFDDC700611C7E = {
			isa = PBXGroup;
			children = (
				9718390120BFDDC700611C7E /* DemoLoginPage */,
				9718390020BFDDC700611C7E /* Products */,
				D3D0A0265C98CDC6367ADDE2 /* Pods */,
				2C6C8E54664127FBE4867BF9 /* Frameworks */,
			);
			sourceTree = "<group>";
		};
		9718390020BFDDC700611C7E /* Products */ = {
			isa = PBXGroup;
			children = (
				971838FF20BFDDC700611C7E /* DemoLoginPage.app */,
			);
			name = Products;
			sourceTree = "<group>";
		};
		9718390120BFDDC700611C7E /* DemoLoginPage */ = {
			isa = PBXGroup;
			children = (
				9718390220BFDDC700611C7E /* AppDelegate.swift */,
				9718390420BFDDC700611C7E /* ViewController.swift */,
				972BD42D20BFE955005E8A2E /* HomeController.swift */,
				972BD42F20BFEE55005E8A2E /* UploadVideoController.swift */,
				972BD43120C0106F005E8A2E /* UploadVideo2Controller.swift */,
				9718390920BFDDC800611C7E /* Assets.xcassets */,
				9718390B20BFDDC800611C7E /* LaunchScreen.storyboard */,
				9718390E20BFDDC800611C7E /* Info.plist */,
				972BD43320C01E74005E8A2E /* Header-Brad.h */,
			);
			path = DemoLoginPage;
			sourceTree = "<group>";
		};
		D3D0A0265C98CDC6367ADDE2 /* Pods */ = {
			isa = PBXGroup;
			children = (
				A929D40964A6D49C88D06F59 /* Pods-DemoLoginPage.debug.xcconfig */,
				19F2C035F4A368AAE524F9D2 /* Pods-DemoLoginPage.release.xcconfig */,
			);
			name = Pods;
			sourceTree = "<group>";
		};
/* End PBXGroup section */

/* Begin PBXNativeTarget section */
		971838FE20BFDDC700611C7E /* DemoLoginPage */ = {
			isa = PBXNativeTarget;
			buildConfigurationList = 9718391120BFDDC800611C7E /* Build configuration list for PBXNativeTarget "DemoLoginPage" */;
			buildPhases = (
				7A4CB4EB480CB5DB75818B86 /* [CP] Check Pods Manifest.lock */,
				971838FB20BFDDC700611C7E /* Sources */,
				971838FC20BFDDC700611C7E /* Frameworks */,
				971838FD20BFDDC700611C7E /* Resources */,
				1A88E2A10C6393E4242A8652 /* [CP] Embed Pods Frameworks */,
			);
			buildRules = (
			);
			dependencies = (
			);
			name = DemoLoginPage;
			productName = DemoLoginPage;
			productReference = 971838FF20BFDDC700611C7E /* DemoLoginPage.app */;
			productType = "com.apple.product-type.application";
		};
/* End PBXNativeTarget section */

/* Begin PBXProject section */
		971838F720BFDDC700611C7E /* Project object */ = {
			isa = PBXProject;
			attributes = {
				LastSwiftUpdateCheck = 0940;
				LastUpgradeCheck = 0940;
				ORGANIZATIONNAME = "高帅朋";
				TargetAttributes = {
					971838FE20BFDDC700611C7E = {
						CreatedOnToolsVersion = 9.4;
					};
				};
			};
			buildConfigurationList = 971838FA20BFDDC700611C7E /* Build configuration list for PBXProject "DemoLoginPage" */;
			compatibilityVersion = "Xcode 9.3";
			developmentRegion = en;
			hasScannedForEncodings = 0;
			knownRegions = (
				en,
				Base,
			);
			mainGroup = 971838F620BFDDC700611C7E;
			productRefGroup = 9718390020BFDDC700611C7E /* Products */;
			projectDirPath = "";
			projectRoot = "";
			targets = (
				971838FE20BFDDC700611C7E /* DemoLoginPage */,
			);
		};
/* End PBXProject section */

/* Begin PBXResourcesBuildPhase section */
		971838FD20BFDDC700611C7E /* Resources */ = {
			isa = PBXResourcesBuildPhase;
			buildActionMask = 2147483647;
			files = (
				9718390D20BFDDC800611C7E /* LaunchScreen.storyboard in Resources */,
				9718390A20BFDDC800611C7E /* Assets.xcassets in Resources */,
			);
			runOnlyForDeploymentPostprocessing = 0;
		};
/* End PBXResourcesBuildPhase section */

/* Begin PBXShellScriptBuildPhase section */
		1A88E2A10C6393E4242A8652 /* [CP] Embed Pods Frameworks */ = {
			isa = PBXShellScriptBuildPhase;
			buildActionMask = 2147483647;
			files = (
			);
			inputPaths = (
				"${SRCROOT}/Pods/Target Support Files/Pods-DemoLoginPage/Pods-DemoLoginPage-frameworks.sh",
				"${BUILT_PRODUCTS_DIR}/HappyDNS/HappyDNS.framework",
				"${BUILT_PRODUCTS_DIR}/Material/Material.framework",
				"${BUILT_PRODUCTS_DIR}/Motion/Motion.framework",
				"${BUILT_PRODUCTS_DIR}/Qiniu/Qiniu.framework",
				"${BUILT_PRODUCTS_DIR}/SnapKit/SnapKit.framework",
				"${BUILT_PRODUCTS_DIR}/VGPlayer/VGPlayer.framework",
			);
			name = "[CP] Embed Pods Frameworks";
			outputPaths = (
				"${TARGET_BUILD_DIR}/${FRAMEWORKS_FOLDER_PATH}/HappyDNS.framework",
				"${TARGET_BUILD_DIR}/${FRAMEWORKS_FOLDER_PATH}/Material.framework",
				"${TARGET_BUILD_DIR}/${FRAMEWORKS_FOLDER_PATH}/Motion.framework",
				"${TARGET_BUILD_DIR}/${FRAMEWORKS_FOLDER_PATH}/Qiniu.framework",
				"${TARGET_BUILD_DIR}/${FRAMEWORKS_FOLDER_PATH}/SnapKit.framework",
				"${TARGET_BUILD_DIR}/${FRAMEWORKS_FOLDER_PATH}/VGPlayer.framework",
			);
			runOnlyForDeploymentPostprocessing = 0;
			shellPath = /bin/sh;
			shellScript = "\"${SRCROOT}/Pods/Target Support Files/Pods-DemoLoginPage/Pods-DemoLoginPage-frameworks.sh\"\n";
			showEnvVarsInLog = 0;
		};
		7A4CB4EB480CB5DB75818B86 /* [CP] Check Pods Manifest.lock */ = {
			isa = PBXShellScriptBuildPhase;
			buildActionMask = 2147483647;
			files = (
			);
			inputPaths = (
				"${PODS_PODFILE_DIR_PATH}/Podfile.lock",
				"${PODS_ROOT}/Manifest.lock",
			);
			name = "[CP] Check Pods Manifest.lock";
			outputPaths = (
				"$(DERIVED_FILE_DIR)/Pods-DemoLoginPage-checkManifestLockResult.txt",
			);
			runOnlyForDeploymentPostprocessing = 0;
			shellPath = /bin/sh;
			shellScript = "diff \"${PODS_PODFILE_DIR_PATH}/Podfile.lock\" \"${PODS_ROOT}/Manifest.lock\" > /dev/null\nif [ $? != 0 ] ; then\n    # print error to STDERR\n    echo \"error: The sandbox is not in sync with the Podfile.lock. Run 'pod install' or update your CocoaPods installation.\" >&2\n    exit 1\nfi\n# This output is used by Xcode 'outputs' to avoid re-running this script phase.\necho \"SUCCESS\" > \"${SCRIPT_OUTPUT_FILE_0}\"\n";
			showEnvVarsInLog = 0;
		};
/* End PBXShellScriptBuildPhase section */

/* Begin PBXSourcesBuildPhase section */
		971838FB20BFDDC700611C7E /* Sources */ = {
			isa = PBXSourcesBuildPhase;
			buildActionMask = 2147483647;
			files = (
				9718390520BFDDC700611C7E /* ViewController.swift in Sources */,
				9718390320BFDDC700611C7E /* AppDelegate.swift in Sources */,
				972BD43020BFEE55005E8A2E /* UploadVideoController.swift in Sources */,
				972BD43220C01070005E8A2E /* UploadVideo2Controller.swift in Sources */,
				972BD42E20BFE955005E8A2E /* HomeController.swift in Sources */,
			);
			runOnlyForDeploymentPostprocessing = 0;
		};
/* End PBXSourcesBuildPhase section */

/* Begin PBXVariantGroup section */
		9718390B20BFDDC800611C7E /* LaunchScreen.storyboard */ = {
			isa = PBXVariantGroup;
			children = (
				9718390C20BFDDC800611C7E /* Base */,
			);
			name = LaunchScreen.storyboard;
			sourceTree = "<group>";
		};
/* End PBXVariantGroup section */

/* Begin XCBuildConfiguration section */
		9718390F20BFDDC800611C7E /* Debug */ = {
			isa = XCBuildConfiguration;
			buildSettings = {
				ALWAYS_SEARCH_USER_PATHS = NO;
				CLANG_ANALYZER_NONNULL = YES;
				CLANG_ANALYZER_NUMBER_OBJECT_CONVERSION = YES_AGGRESSIVE;
				CLANG_CXX_LANGUAGE_STANDARD = "gnu++14";
				CLANG_CXX_LIBRARY = "libc++";
				CLANG_ENABLE_MODULES = YES;
				CLANG_ENABLE_OBJC_ARC = YES;
				CLANG_ENABLE_OBJC_WEAK = YES;
				CLANG_WARN_BLOCK_CAPTURE_AUTORELEASING = YES;
				CLANG_WARN_BOOL_CONVERSION = YES;
				CLANG_WARN_COMMA = YES;
				CLANG_WARN_CONSTANT_CONVERSION = YES;
				CLANG_WARN_DEPRECATED_OBJC_IMPLEMENTATIONS = YES;
				CLANG_WARN_DIRECT_OBJC_ISA_USAGE = YES_ERROR;
				CLANG_WARN_DOCUMENTATION_COMMENTS = YES;
				CLANG_WARN_EMPTY_BODY = YES;
				CLANG_WARN_ENUM_CONVERSION = YES;
				CLANG_WARN_INFINITE_RECURSION = YES;
				CLANG_WARN_INT_CONVERSION = YES;
				CLANG_WARN_NON_LITERAL_NULL_CONVERSION = YES;
				CLANG_WARN_OBJC_IMPLICIT_RETAIN_SELF = YES;
				CLANG_WARN_OBJC_LITERAL_CONVERSION = YES;
				CLANG_WARN_OBJC_ROOT_CLASS = YES_ERROR;
				CLANG_WARN_RANGE_LOOP_ANALYSIS = YES;
				CLANG_WARN_STRICT_PROTOTYPES = YES;
				CLANG_WARN_SUSPICIOUS_MOVE = YES;
				CLANG_WARN_UNGUARDED_AVAILABILITY = YES_AGGRESSIVE;
				CLANG_WARN_UNREACHABLE_CODE = YES;
				CLANG_WARN__DUPLICATE_METHOD_MATCH = YES;
				CODE_SIGN_IDENTITY = "iPhone Developer";
				COPY_PHASE_STRIP = NO;
				DEBUG_INFORMATION_FORMAT = dwarf;
				ENABLE_STRICT_OBJC_MSGSEND = YES;
				ENABLE_TESTABILITY = YES;
				GCC_C_LANGUAGE_STANDARD = gnu11;
				GCC_DYNAMIC_NO_PIC = NO;
				GCC_NO_COMMON_BLOCKS = YES;
				GCC_OPTIMIZATION_LEVEL = 0;
				GCC_PREPROCESSOR_DEFINITIONS = (
					"DEBUG=1",
					"$(inherited)",
				);
				GCC_WARN_64_TO_32_BIT_CONVERSION = YES;
				GCC_WARN_ABOUT_RETURN_TYPE = YES_ERROR;
				GCC_WARN_UNDECLARED_SELECTOR = YES;
				GCC_WARN_UNINITIALIZED_AUTOS = YES_AGGRESSIVE;
				GCC_WARN_UNUSED_FUNCTION = YES;
				GCC_WARN_UNUSED_VARIABLE = YES;
				IPHONEOS_DEPLOYMENT_TARGET = 11.4;
				MTL_ENABLE_DEBUG_INFO = YES;
				ONLY_ACTIVE_ARCH = YES;
				SDKROOT = iphoneos;
				SWIFT_ACTIVE_COMPILATION_CONDITIONS = DEBUG;
				SWIFT_OPTIMIZATION_LEVEL = "-Onone";
			};
			name = Debug;
		};
		9718391020BFDDC800611C7E /* Release */ = {
			isa = XCBuildConfiguration;
			buildSettings = {
				ALWAYS_SEARCH_USER_PATHS = NO;
				CLANG_ANALYZER_NONNULL = YES;
				CLANG_ANALYZER_NUMBER_OBJECT_CONVERSION = YES_AGGRESSIVE;
				CLANG_CXX_LANGUAGE_STANDARD = "gnu++14";
				CLANG_CXX_LIBRARY = "libc++";
				CLANG_ENABLE_MODULES = YES;
				CLANG_ENABLE_OBJC_ARC = YES;
				CLANG_ENABLE_OBJC_WEAK = YES;
				CLANG_WARN_BLOCK_CAPTURE_AUTORELEASING = YES;
				CLANG_WARN_BOOL_CONVERSION = YES;
				CLANG_WARN_COMMA = YES;
				CLANG_WARN_CONSTANT_CONVERSION = YES;
				CLANG_WARN_DEPRECATED_OBJC_IMPLEMENTATIONS = YES;
				CLANG_WARN_DIRECT_OBJC_ISA_USAGE = YES_ERROR;
				CLANG_WARN_DOCUMENTATION_COMMENTS = YES;
				CLANG_WARN_EMPTY_BODY = YES;
				CLANG_WARN_ENUM_CONVERSION = YES;
				CLANG_WARN_INFINITE_RECURSION = YES;
				CLANG_WARN_INT_CONVERSION = YES;
				CLANG_WARN_NON_LITERAL_NULL_CONVERSION = YES;
				CLANG_WARN_OBJC_IMPLICIT_RETAIN_SELF = YES;
				CLANG_WARN_OBJC_LITERAL_CONVERSION = YES;
				CLANG_WARN_OBJC_ROOT_CLASS = YES_ERROR;
				CLANG_WARN_RANGE_LOOP_ANALYSIS = YES;
				CLANG_WARN_STRICT_PROTOTYPES = YES;
				CLANG_WARN_SUSPICIOUS_MOVE = YES;
				CLANG_WARN_UNGUARDED_AVAILABILITY = YES_AGGRESSIVE;
				CLANG_WARN_UNREACHABLE_CODE = YES;
				CLANG_WARN__DUPLICATE_METHOD_MATCH = YES;
				CODE_SIGN_IDENTITY = "iPhone Developer";
				COPY_PHASE_STRIP = NO;
				DEBUG_INFORMATION_FORMAT = "dwarf-with-dsym";
				ENABLE_NS_ASSERTIONS = NO;
				ENABLE_STRICT_OBJC_MSGSEND = YES;
				GCC_C_LANGUAGE_STANDARD = gnu11;
				GCC_NO_COMMON_BLOCKS = YES;
				GCC_WARN_64_TO_32_BIT_CONVERSION = YES;
				GCC_WARN_ABOUT_RETURN_TYPE = YES_ERROR;
				GCC_WARN_UNDECLARED_SELECTOR = YES;
				GCC_WARN_UNINITIALIZED_AUTOS = YES_AGGRESSIVE;
				GCC_WARN_UNUSED_FUNCTION = YES;
				GCC_WARN_UNUSED_VARIABLE = YES;
				IPHONEOS_DEPLOYMENT_TARGET = 11.4;
				MTL_ENABLE_DEBUG_INFO = NO;
				SDKROOT = iphoneos;
				SWIFT_COMPILATION_MODE = wholemodule;
				SWIFT_OPTIMIZATION_LEVEL = "-O";
				VALIDATE_PRODUCT = YES;
			};
			name = Release;
		};
		9718391220BFDDC800611C7E /* Debug */ = {
			isa = XCBuildConfiguration;
			baseConfigurationReference = A929D40964A6D49C88D06F59 /* Pods-DemoLoginPage.debug.xcconfig */;
			buildSettings = {
				ASSETCATALOG_COMPILER_APPICON_NAME = AppIcon;
				CODE_SIGN_STYLE = Automatic;
				DEVELOPMENT_TEAM = WCFNNUTJKD;
				INFOPLIST_FILE = DemoLoginPage/Info.plist;
				LD_RUNPATH_SEARCH_PATHS = (
					"$(inherited)",
					"@executable_path/Frameworks",
				);
				PRODUCT_BUNDLE_IDENTIFIER = com.gaoshuaiepng.DemoLoginPage;
				PRODUCT_NAME = "$(TARGET_NAME)";
				SWIFT_OBJC_BRIDGING_HEADER = "DemoLoginPage/Header-Brad.h";
				SWIFT_VERSION = 4.0;
				TARGETED_DEVICE_FAMILY = "1,2";
			};
			name = Debug;
		};
		9718391320BFDDC800611C7E /* Release */ = {
			isa = XCBuildConfiguration;
			baseConfigurationReference = 19F2C035F4A368AAE524F9D2 /* Pods-DemoLoginPage.release.xcconfig */;
			buildSettings = {
				ASSETCATALOG_COMPILER_APPICON_NAME = AppIcon;
				CODE_SIGN_STYLE = Automatic;
				DEVELOPMENT_TEAM = WCFNNUTJKD;
				INFOPLIST_FILE = DemoLoginPage/Info.plist;
				LD_RUNPATH_SEARCH_PATHS = (
					"$(inherited)",
					"@executable_path/Frameworks",
				);
				PRODUCT_BUNDLE_IDENTIFIER = com.gaoshuaiepng.DemoLoginPage;
				PRODUCT_NAME = "$(TARGET_NAME)";
				SWIFT_OBJC_BRIDGING_HEADER = "DemoLoginPage/Header-Brad.h";
				SWIFT_VERSION = 4.0;
				TARGETED_DEVICE_FAMILY = "1,2";
			};
			name = Release;
		};
/* End XCBuildConfiguration section */

/* Begin XCConfigurationList section */
		971838FA20BFDDC700611C7E /* Build configuration list for PBXProject "DemoLoginPage" */ = {
			isa = XCConfigurationList;
			buildConfigurations = (
				9718390F20BFDDC800611C7E /* Debug */,
				9718391020BFDDC800611C7E /* Release */,
			);
			defaultConfigurationIsVisible = 0;
			defaultConfigurationName = Release;
		};
		9718391120BFDDC800611C7E /* Build configuration list for PBXNativeTarget "DemoLoginPage" */ = {
			isa = XCConfigurationList;
			buildConfigurations = (
				9718391220BFDDC800611C7E /* Debug */,
				9718391320BFDDC800611C7E /* Release */,
			);
			defaultConfigurationIsVisible = 0;
			defaultConfigurationName = Release;
		};
/* End XCConfigurationList section */
	};
	rootObject = 971838F720BFDDC700611C7E /* Project object */;
}
