PODS:
  - Material (2.15.0):
    - Material/Core (= 2.15.0)
  - Material/Core (2.15.0):
    - Motion (~> 1.3.0)
  - Motion (1.3.5):
    - Motion/Core (= 1.3.5)
  - Motion/Core (1.3.5)
  - Realm (3.6.0):
    - Realm/Headers (= 3.6.0)
  - Realm/Headers (3.6.0)
  - RealmSwift (3.6.0):
    - Realm (= 3.6.0)
  - SnapKit (4.0.0)

DEPENDENCIES:
  - Material
  - RealmSwift
  - SnapKit

SPEC REPOS:
  https://mirrors.tuna.tsinghua.edu.cn/git/CocoaPods/Specs.git:
    - Material
    - Motion
    - Realm
    - RealmSwift
    - SnapKit

SPEC CHECKSUMS:
  Material: 00e32bb5e61b3f749044897b2d93acd8bf33faa4
  Motion: 9f74d115d7f72bb5380a8e3cde2f8a1fc898ac36
  Realm: 08b464b462d4f31bbd4ba5f5a1c8722ef0a700b7
  RealmSwift: 973e1499c44ab571f894c2c908e2db450be280c3
  SnapKit: a42d492c16e80209130a3379f73596c3454b7694

PODFILE CHECKSUM: 782135042af1f3fcf4343dd13664b5de0abbe89e

COCOAPODS: 1.5.2
