// !$*UTF8*$!
{
	archiveVersion = 1;
	classes = {
	};
	objectVersion = 50;
	objects = {

/* Begin PBXBuildFile section */
		02B05AC1CC79F84AC12AA6A8 /* Pods_DemoNetWork.framework in Frameworks */ = {isa = PBXBuildFile; fileRef = 24E127F9A47CB22A15DCF5A7 /* Pods_DemoNetWork.framework */; };
		970652FC20C0B13900377925 /* AppDelegate.swift in Sources */ = {isa = PBXBuildFile; fileRef = 970652FB20C0B13900377925 /* AppDelegate.swift */; };
		970652FE20C0B13900377925 /* ViewController.swift in Sources */ = {isa = PBXBuildFile; fileRef = 970652FD20C0B13900377925 /* ViewController.swift */; };
		9706530120C0B13900377925 /* Main.storyboard in Resources */ = {isa = PBXBuildFile; fileRef = 970652FF20C0B13900377925 /* Main.storyboard */; };
		9706530320C0B13A00377925 /* Assets.xcassets in Resources */ = {isa = PBXBuildFile; fileRef = 9706530220C0B13A00377925 /* Assets.xcassets */; };
		9706530620C0B13A00377925 /* LaunchScreen.storyboard in Resources */ = {isa = PBXBuildFile; fileRef = 9706530420C0B13A00377925 /* LaunchScreen.storyboard */; };
/* End PBXBuildFile section */

/* Begin PBXFileReference section */
		24E127F9A47CB22A15DCF5A7 /* Pods_DemoNetWork.framework */ = {isa = PBXFileReference; explicitFileType = wrapper.framework; includeInIndex = 0; path = Pods_DemoNetWork.framework; sourceTree = BUILT_PRODUCTS_DIR; };
		565DBDE801BDB0D88A9E12AC /* Pods-DemoNetWork.release.xcconfig */ = {isa = PBXFileReference; includeInIndex = 1; lastKnownFileType = text.xcconfig; name = "Pods-DemoNetWork.release.xcconfig"; path = "Pods/Target Support Files/Pods-DemoNetWork/Pods-DemoNetWork.release.xcconfig"; sourceTree = "<group>"; };
		970652F820C0B13900377925 /* DemoNetWork.app */ = {isa = PBXFileReference; explicitFileType = wrapper.application; includeInIndex = 0; path = DemoNetWork.app; sourceTree = BUILT_PRODUCTS_DIR; };
		970652FB20C0B13900377925 /* AppDelegate.swift */ = {isa = PBXFileReference; lastKnownFileType = sourcecode.swift; path = AppDelegate.swift; sourceTree = "<group>"; };
		970652FD20C0B13900377925 /* ViewController.swift */ = {isa = PBXFileReference; lastKnownFileType = sourcecode.swift; path = ViewController.swift; sourceTree = "<group>"; };
		9706530020C0B13900377925 /* Base */ = {isa = PBXFileReference; lastKnownFileType = file.storyboard; name = Base; path = Base.lproj/Main.storyboard; sourceTree = "<group>"; };
		9706530220C0B13A00377925 /* Assets.xcassets */ = {isa = PBXFileReference; lastKnownFileType = folder.assetcatalog; path = Assets.xcassets; sourceTree = "<group>"; };
		9706530520C0B13A00377925 /* Base */ = {isa = PBXFileReference; lastKnownFileType = file.storyboard; name = Base; path = Base.lproj/LaunchScreen.storyboard; sourceTree = "<group>"; };
		9706530720C0B13A00377925 /* Info.plist */ = {isa = PBXFileReference; lastKnownFileType = text.plist.xml; path = Info.plist; sourceTree = "<group>"; };
		CB0E61EA480EC9DC61E88EAA /* Pods-DemoNetWork.debug.xcconfig */ = {isa = PBXFileReference; includeInIndex = 1; lastKnownFileType = text.xcconfig; name = "Pods-DemoNetWork.debug.xcconfig"; path = "Pods/Target Support Files/Pods-DemoNetWork/Pods-DemoNetWork.debug.xcconfig"; sourceTree = "<group>"; };
/* End PBXFileReference section */

/* Begin PBXFrameworksBuildPhase section */
		970652F520C0B13900377925 /* Frameworks */ = {
			isa = PBXFrameworksBuildPhase;
			buildActionMask = 2147483647;
			files = (
				02B05AC1CC79F84AC12AA6A8 /* Pods_DemoNetWork.framework in Frameworks */,
			);
			runOnlyForDeploymentPostprocessing = 0;
		};
/* End PBXFrameworksBuildPhase section */

/* Begin PBXGroup section */
		156F4D1E3F88AEEDD8583837 /* Frameworks */ = {
			isa = PBXGroup;
			children = (
				24E127F9A47CB22A15DCF5A7 /* Pods_DemoNetWork.framework */,
			);
			name = Frameworks;
			sourceTree = "<group>";
		};
		970652EF20C0B13900377925 = {
			isa = PBXGroup;
			children = (
				970652FA20C0B13900377925 /* DemoNetWork */,
				970652F920C0B13900377925 /* Products */,
				A7A552AAE03D2B0E84871D0D /* Pods */,
				156F4D1E3F88AEEDD8583837 /* Frameworks */,
			);
			sourceTree = "<group>";
		};
		970652F920C0B13900377925 /* Products */ = {
			isa = PBXGroup;
			children = (
				970652F820C0B13900377925 /* DemoNetWork.app */,
			);
			name = Products;
			sourceTree = "<group>";
		};
		970652FA20C0B13900377925 /* DemoNetWork */ = {
			isa = PBXGroup;
			children = (
				970652FB20C0B13900377925 /* AppDelegate.swift */,
				970652FD20C0B13900377925 /* ViewController.swift */,
				970652FF20C0B13900377925 /* Main.storyboard */,
				9706530220C0B13A00377925 /* Assets.xcassets */,
				9706530420C0B13A00377925 /* LaunchScreen.storyboard */,
				9706530720C0B13A00377925 /* Info.plist */,
			);
			path = DemoNetWork;
			sourceTree = "<group>";
		};
		A7A552AAE03D2B0E84871D0D /* Pods */ = {
			isa = PBXGroup;
			children = (
				CB0E61EA480EC9DC61E88EAA /* Pods-DemoNetWork.debug.xcconfig */,
				565DBDE801BDB0D88A9E12AC /* Pods-DemoNetWork.release.xcconfig */,
			);
			name = Pods;
			sourceTree = "<group>";
		};
/* End PBXGroup section */

/* Begin PBXNativeTarget section */
		970652F720C0B13900377925 /* DemoNetWork */ = {
			isa = PBXNativeTarget;
			buildConfigurationList = 9706530A20C0B13A00377925 /* Build configuration list for PBXNativeTarget "DemoNetWork" */;
			buildPhases = (
				920BF8B460FA483556511626 /* [CP] Check Pods Manifest.lock */,
				970652F420C0B13900377925 /* Sources */,
				970652F520C0B13900377925 /* Frameworks */,
				970652F620C0B13900377925 /* Resources */,
				21182F026B624F83EDACF14C /* [CP] Embed Pods Frameworks */,
			);
			buildRules = (
			);
			dependencies = (
			);
			name = DemoNetWork;
			productName = DemoNetWork;
			productReference = 970652F820C0B13900377925 /* DemoNetWork.app */;
			productType = "com.apple.product-type.application";
		};
/* End PBXNativeTarget section */

/* Begin PBXProject section */
		970652F020C0B13900377925 /* Project object */ = {
			isa = PBXProject;
			attributes = {
				LastSwiftUpdateCheck = 0940;
				LastUpgradeCheck = 0940;
				ORGANIZATIONNAME = "高帅朋";
				TargetAttributes = {
					970652F720C0B13900377925 = {
						CreatedOnToolsVersion = 9.4;
					};
				};
			};
			buildConfigurationList = 970652F320C0B13900377925 /* Build configuration list for PBXProject "DemoNetWork" */;
			compatibilityVersion = "Xcode 9.3";
			developmentRegion = en;
			hasScannedForEncodings = 0;
			knownRegions = (
				en,
				Base,
			);
			mainGroup = 970652EF20C0B13900377925;
			productRefGroup = 970652F920C0B13900377925 /* Products */;
			projectDirPath = "";
			projectRoot = "";
			targets = (
				970652F720C0B13900377925 /* DemoNetWork */,
			);
		};
/* End PBXProject section */

/* Begin PBXResourcesBuildPhase section */
		970652F620C0B13900377925 /* Resources */ = {
			isa = PBXResourcesBuildPhase;
			buildActionMask = 2147483647;
			files = (
				9706530620C0B13A00377925 /* LaunchScreen.storyboard in Resources */,
				9706530320C0B13A00377925 /* Assets.xcassets in Resources */,
				9706530120C0B13900377925 /* Main.storyboard in Resources */,
			);
			runOnlyForDeploymentPostprocessing = 0;
		};
/* End PBXResourcesBuildPhase section */

/* Begin PBXShellScriptBuildPhase section */
		21182F026B624F83EDACF14C /* [CP] Embed Pods Frameworks */ = {
			isa = PBXShellScriptBuildPhase;
			buildActionMask = 2147483647;
			files = (
			);
			inputPaths = (
				"${SRCROOT}/Pods/Target Support Files/Pods-DemoNetWork/Pods-DemoNetWork-frameworks.sh",
				"${BUILT_PRODUCTS_DIR}/Alamofire/Alamofire.framework",
				"${BUILT_PRODUCTS_DIR}/SwiftyJSON/SwiftyJSON.framework",
			);
			name = "[CP] Embed Pods Frameworks";
			outputPaths = (
				"${TARGET_BUILD_DIR}/${FRAMEWORKS_FOLDER_PATH}/Alamofire.framework",
				"${TARGET_BUILD_DIR}/${FRAMEWORKS_FOLDER_PATH}/SwiftyJSON.framework",
			);
			runOnlyForDeploymentPostprocessing = 0;
			shellPath = /bin/sh;
			shellScript = "\"${SRCROOT}/Pods/Target Support Files/Pods-DemoNetWork/Pods-DemoNetWork-frameworks.sh\"\n";
			showEnvVarsInLog = 0;
		};
		920BF8B460FA483556511626 /* [CP] Check Pods Manifest.lock */ = {
			isa = PBXShellScriptBuildPhase;
			buildActionMask = 2147483647;
			files = (
			);
			inputPaths = (
				"${PODS_PODFILE_DIR_PATH}/Podfile.lock",
				"${PODS_ROOT}/Manifest.lock",
			);
			name = "[CP] Check Pods Manifest.lock";
			outputPaths = (
				"$(DERIVED_FILE_DIR)/Pods-DemoNetWork-checkManifestLockResult.txt",
			);
			runOnlyForDeploymentPostprocessing = 0;
			shellPath = /bin/sh;
			shellScript = "diff \"${PODS_PODFILE_DIR_PATH}/Podfile.lock\" \"${PODS_ROOT}/Manifest.lock\" > /dev/null\nif [ $? != 0 ] ; then\n    # print error to STDERR\n    echo \"error: The sandbox is not in sync with the Podfile.lock. Run 'pod install' or update your CocoaPods installation.\" >&2\n    exit 1\nfi\n# This output is used by Xcode 'outputs' to avoid re-running this script phase.\necho \"SUCCESS\" > \"${SCRIPT_OUTPUT_FILE_0}\"\n";
			showEnvVarsInLog = 0;
		};
/* End PBXShellScriptBuildPhase section */

/* Begin PBXSourcesBuildPhase section */
		970652F420C0B13900377925 /* Sources */ = {
			isa = PBXSourcesBuildPhase;
			buildActionMask = 2147483647;
			files = (
				970652FE20C0B13900377925 /* ViewController.swift in Sources */,
				970652FC20C0B13900377925 /* AppDelegate.swift in Sources */,
			);
			runOnlyForDeploymentPostprocessing = 0;
		};
/* End PBXSourcesBuildPhase section */

/* Begin PBXVariantGroup section */
		970652FF20C0B13900377925 /* Main.storyboard */ = {
			isa = PBXVariantGroup;
			children = (
				9706530020C0B13900377925 /* Base */,
			);
			name = Main.storyboard;
			sourceTree = "<group>";
		};
		9706530420C0B13A00377925 /* LaunchScreen.storyboard */ = {
			isa = PBXVariantGroup;
			children = (
				9706530520C0B13A00377925 /* Base */,
			);
			name = LaunchScreen.storyboard;
			sourceTree = "<group>";
		};
/* End PBXVariantGroup section */

/* Begin XCBuildConfiguration section */
		9706530820C0B13A00377925 /* Debug */ = {
			isa = XCBuildConfiguration;
			buildSettings = {
				ALWAYS_SEARCH_USER_PATHS = NO;
				CLANG_ANALYZER_NONNULL = YES;
				CLANG_ANALYZER_NUMBER_OBJECT_CONVERSION = YES_AGGRESSIVE;
				CLANG_CXX_LANGUAGE_STANDARD = "gnu++14";
				CLANG_CXX_LIBRARY = "libc++";
				CLANG_ENABLE_MODULES = YES;
				CLANG_ENABLE_OBJC_ARC = YES;
				CLANG_ENABLE_OBJC_WEAK = YES;
				CLANG_WARN_BLOCK_CAPTURE_AUTORELEASING = YES;
				CLANG_WARN_BOOL_CONVERSION = YES;
				CLANG_WARN_COMMA = YES;
				CLANG_WARN_CONSTANT_CONVERSION = YES;
				CLANG_WARN_DEPRECATED_OBJC_IMPLEMENTATIONS = YES;
				CLANG_WARN_DIRECT_OBJC_ISA_USAGE = YES_ERROR;
				CLANG_WARN_DOCUMENTATION_COMMENTS = YES;
				CLANG_WARN_EMPTY_BODY = YES;
				CLANG_WARN_ENUM_CONVERSION = YES;
				CLANG_WARN_INFINITE_RECURSION = YES;
				CLANG_WARN_INT_CONVERSION = YES;
				CLANG_WARN_NON_LITERAL_NULL_CONVERSION = YES;
				CLANG_WARN_OBJC_IMPLICIT_RETAIN_SELF = YES;
				CLANG_WARN_OBJC_LITERAL_CONVERSION = YES;
				CLANG_WARN_OBJC_ROOT_CLASS = YES_ERROR;
				CLANG_WARN_RANGE_LOOP_ANALYSIS = YES;
				CLANG_WARN_STRICT_PROTOTYPES = YES;
				CLANG_WARN_SUSPICIOUS_MOVE = YES;
				CLANG_WARN_UNGUARDED_AVAILABILITY = YES_AGGRESSIVE;
				CLANG_WARN_UNREACHABLE_CODE = YES;
				CLANG_WARN__DUPLICATE_METHOD_MATCH = YES;
				CODE_SIGN_IDENTITY = "iPhone Developer";
				COPY_PHASE_STRIP = NO;
				DEBUG_INFORMATION_FORMAT = dwarf;
				ENABLE_STRICT_OBJC_MSGSEND = YES;
				ENABLE_TESTABILITY = YES;
				GCC_C_LANGUAGE_STANDARD = gnu11;
				GCC_DYNAMIC_NO_PIC = NO;
				GCC_NO_COMMON_BLOCKS = YES;
				GCC_OPTIMIZATION_LEVEL = 0;
				GCC_PREPROCESSOR_DEFINITIONS = (
					"DEBUG=1",
					"$(inherited)",
				);
				GCC_WARN_64_TO_32_BIT_CONVERSION = YES;
				GCC_WARN_ABOUT_RETURN_TYPE = YES_ERROR;
				GCC_WARN_UNDECLARED_SELECTOR = YES;
				GCC_WARN_UNINITIALIZED_AUTOS = YES_AGGRESSIVE;
				GCC_WARN_UNUSED_FUNCTION = YES;
				GCC_WARN_UNUSED_VARIABLE = YES;
				IPHONEOS_DEPLOYMENT_TARGET = 11.4;
				MTL_ENABLE_DEBUG_INFO = YES;
				ONLY_ACTIVE_ARCH = YES;
				SDKROOT = iphoneos;
				SWIFT_ACTIVE_COMPILATION_CONDITIONS = DEBUG;
				SWIFT_OPTIMIZATION_LEVEL = "-Onone";
			};
			name = Debug;
		};
		9706530920C0B13A00377925 /* Release */ = {
			isa = XCBuildConfiguration;
			buildSettings = {
				ALWAYS_SEARCH_USER_PATHS = NO;
				CLANG_ANALYZER_NONNULL = YES;
				CLANG_ANALYZER_NUMBER_OBJECT_CONVERSION = YES_AGGRESSIVE;
				CLANG_CXX_LANGUAGE_STANDARD = "gnu++14";
				CLANG_CXX_LIBRARY = "libc++";
				CLANG_ENABLE_MODULES = YES;
				CLANG_ENABLE_OBJC_ARC = YES;
				CLANG_ENABLE_OBJC_WEAK = YES;
				CLANG_WARN_BLOCK_CAPTURE_AUTORELEASING = YES;
				CLANG_WARN_BOOL_CONVERSION = YES;
				CLANG_WARN_COMMA = YES;
				CLANG_WARN_CONSTANT_CONVERSION = YES;
				CLANG_WARN_DEPRECATED_OBJC_IMPLEMENTATIONS = YES;
				CLANG_WARN_DIRECT_OBJC_ISA_USAGE = YES_ERROR;
				CLANG_WARN_DOCUMENTATION_COMMENTS = YES;
				CLANG_WARN_EMPTY_BODY = YES;
				CLANG_WARN_ENUM_CONVERSION = YES;
				CLANG_WARN_INFINITE_RECURSION = YES;
				CLANG_WARN_INT_CONVERSION = YES;
				CLANG_WARN_NON_LITERAL_NULL_CONVERSION = YES;
				CLANG_WARN_OBJC_IMPLICIT_RETAIN_SELF = YES;
				CLANG_WARN_OBJC_LITERAL_CONVERSION = YES;
				CLANG_WARN_OBJC_ROOT_CLASS = YES_ERROR;
				CLANG_WARN_RANGE_LOOP_ANALYSIS = YES;
				CLANG_WARN_STRICT_PROTOTYPES = YES;
				CLANG_WARN_SUSPICIOUS_MOVE = YES;
				CLANG_WARN_UNGUARDED_AVAILABILITY = YES_AGGRESSIVE;
				CLANG_WARN_UNREACHABLE_CODE = YES;
				CLANG_WARN__DUPLICATE_METHOD_MATCH = YES;
				CODE_SIGN_IDENTITY = "iPhone Developer";
				COPY_PHASE_STRIP = NO;
				DEBUG_INFORMATION_FORMAT = "dwarf-with-dsym";
				ENABLE_NS_ASSERTIONS = NO;
				ENABLE_STRICT_OBJC_MSGSEND = YES;
				GCC_C_LANGUAGE_STANDARD = gnu11;
				GCC_NO_COMMON_BLOCKS = YES;
				GCC_WARN_64_TO_32_BIT_CONVERSION = YES;
				GCC_WARN_ABOUT_RETURN_TYPE = YES_ERROR;
				GCC_WARN_UNDECLARED_SELECTOR = YES;
				GCC_WARN_UNINITIALIZED_AUTOS = YES_AGGRESSIVE;
				GCC_WARN_UNUSED_FUNCTION = YES;
				GCC_WARN_UNUSED_VARIABLE = YES;
				IPHONEOS_DEPLOYMENT_TARGET = 11.4;
				MTL_ENABLE_DEBUG_INFO = NO;
				SDKROOT = iphoneos;
				SWIFT_COMPILATION_MODE = wholemodule;
				SWIFT_OPTIMIZATION_LEVEL = "-O";
				VALIDATE_PRODUCT = YES;
			};
			name = Release;
		};
		9706530B20C0B13A00377925 /* Debug */ = {
			isa = XCBuildConfiguration;
			baseConfigurationReference = CB0E61EA480EC9DC61E88EAA /* Pods-DemoNetWork.debug.xcconfig */;
			buildSettings = {
				ASSETCATALOG_COMPILER_APPICON_NAME = AppIcon;
				CODE_SIGN_STYLE = Automatic;
				DEVELOPMENT_TEAM = WCFNNUTJKD;
				INFOPLIST_FILE = DemoNetWork/Info.plist;
				LD_RUNPATH_SEARCH_PATHS = (
					"$(inherited)",
					"@executable_path/Frameworks",
				);
				PRODUCT_BUNDLE_IDENTIFIER = com.gaoshuaiepng.DemoNetWork;
				PRODUCT_NAME = "$(TARGET_NAME)";
				SWIFT_VERSION = 4.0;
				TARGETED_DEVICE_FAMILY = "1,2";
			};
			name = Debug;
		};
		9706530C20C0B13A00377925 /* Release */ = {
			isa = XCBuildConfiguration;
			baseConfigurationReference = 565DBDE801BDB0D88A9E12AC /* Pods-DemoNetWork.release.xcconfig */;
			buildSettings = {
				ASSETCATALOG_COMPILER_APPICON_NAME = AppIcon;
				CODE_SIGN_STYLE = Automatic;
				DEVELOPMENT_TEAM = WCFNNUTJKD;
				INFOPLIST_FILE = DemoNetWork/Info.plist;
				LD_RUNPATH_SEARCH_PATHS = (
					"$(inherited)",
					"@executable_path/Frameworks",
				);
				PRODUCT_BUNDLE_IDENTIFIER = com.gaoshuaiepng.DemoNetWork;
				PRODUCT_NAME = "$(TARGET_NAME)";
				SWIFT_VERSION = 4.0;
				TARGETED_DEVICE_FAMILY = "1,2";
			};
			name = Release;
		};
/* End XCBuildConfiguration section */

/* Begin XCConfigurationList section */
		970652F320C0B13900377925 /* Build configuration list for PBXProject "DemoNetWork" */ = {
			isa = XCConfigurationList;
			buildConfigurations = (
				9706530820C0B13A00377925 /* Debug */,
				9706530920C0B13A00377925 /* Release */,
			);
			defaultConfigurationIsVisible = 0;
			defaultConfigurationName = Release;
		};
		9706530A20C0B13A00377925 /* Build configuration list for PBXNativeTarget "DemoNetWork" */ = {
			isa = XCConfigurationList;
			buildConfigurations = (
				9706530B20C0B13A00377925 /* Debug */,
				9706530C20C0B13A00377925 /* Release */,
			);
			defaultConfigurationIsVisible = 0;
			defaultConfigurationName = Release;
		};
/* End XCConfigurationList section */
	};
	rootObject = 970652F020C0B13900377925 /* Project object */;
}
